
Microsoft Visual Studio Solution File, Format Version 12.00
# Visual Studio Version 17
VisualStudioVersion = 17.1.32228.430
MinimumVisualStudioVersion = 10.0.40219.1
Project("{8BC9CEB8-8B4A-11D0-8D11-00A0C91BC942}") = "MultiLabSolution", "MultiLabSolution\MultiLabSolution.vcxproj", "{86A196DF-FD8C-484D-884D-6D001C51F1AE}"
EndProject
Project("{8BC9CEB8-8B4A-11D0-8D11-00A0C91BC942}") = "OutofOrderTest", "OutofOrderTest\OutofOrderTest.vcxproj", "{1E10B5E9-0260-4B7F-9781-F1943F34577C}"
EndProject
Project("{8BC9CEB8-8B4A-11D0-8D11-00A0C91BC942}") = "CasLockLab", "CasLockLab\CasLockLab.vcxproj", "{D3CFC734-9178-4959-BD5A-E42EAC942C0D}"
EndProject
Project("{8BC9CEB8-8B4A-11D0-8D11-00A0C91BC942}") = "LockFreeSetLab", "LockFreeSetLab\LockFreeSetLab.vcxproj", "{EAFF3EFE-82AF-4C6C-8588-91328DC1D449}"
EndProject
Project("{8BC9CEB8-8B4A-11D0-8D11-00A0C91BC942}") = "LockFreeQueue", "LockFreeQueue\LockFreeQueue.vcxproj", "{C0EBEA4B-AC00-4F6E-A4E1-28947122671D}"
EndProject
Project("{8BC9CEB8-8B4A-11D0-8D11-00A0C91BC942}") = "LockFreeStack", "LockFreeStack\LockFreeStack.vcxproj", "{C05E61B9-CA05-4F6B-911C-BA01F480A552}"
EndProject
Project("{8BC9CEB8-8B4A-11D0-8D11-00A0C91BC942}") = "LockFreeSkipList", "LockFreeSkipList\LockFreeSkipList.vcxproj", "{0EA52E27-6F4C-4969-B647-B18C5FDA71A6}"
EndProject
Project("{8BC9CEB8-8B4A-11D0-8D11-00A0C91BC942}") = "OpenMPLab", "OpenMPLab\OpenMPLab.vcxproj", "{603A3578-0FA2-40AE-8731-EB564FE98285}"
EndProject
Project("{8BC9CEB8-8B4A-11D0-8D11-00A0C91BC942}") = "MF_TBB", "MF_TBB\MF_TBB.vcxproj", "{CB10E95A-8D25-4AC4-8009-AC1A721E556A}"
EndProject
Global
	GlobalSection(SolutionConfigurationPlatforms) = preSolution
		Debug|x64 = Debug|x64
		Debug|x86 = Debug|x86
		Release|x64 = Release|x64
		Release|x86 = Release|x86
	EndGlobalSection
	GlobalSection(ProjectConfigurationPlatforms) = postSolution
		{86A196DF-FD8C-484D-884D-6D001C51F1AE}.Debug|x64.ActiveCfg = Debug|x64
		{86A196DF-FD8C-484D-884D-6D001C51F1AE}.Debug|x64.Build.0 = Debug|x64
		{86A196DF-FD8C-484D-884D-6D001C51F1AE}.Debug|x86.ActiveCfg = Debug|Win32
		{86A196DF-FD8C-484D-884D-6D001C51F1AE}.Debug|x86.Build.0 = Debug|Win32
		{86A196DF-FD8C-484D-884D-6D001C51F1AE}.Release|x64.ActiveCfg = Release|x64
		{86A196DF-FD8C-484D-884D-6D001C51F1AE}.Release|x64.Build.0 = Release|x64
		{86A196DF-FD8C-484D-884D-6D001C51F1AE}.Release|x86.ActiveCfg = Release|Win32
		{86A196DF-FD8C-484D-884D-6D001C51F1AE}.Release|x86.Build.0 = Release|Win32
		{1E10B5E9-0260-4B7F-9781-F1943F34577C}.Debug|x64.ActiveCfg = Debug|x64
		{1E10B5E9-0260-4B7F-9781-F1943F34577C}.Debug|x64.Build.0 = Debug|x64
		{1E10B5E9-0260-4B7F-9781-F1943F34577C}.Debug|x86.ActiveCfg = Debug|Win32
		{1E10B5E9-0260-4B7F-9781-F1943F34577C}.Debug|x86.Build.0 = Debug|Win32
		{1E10B5E9-0260-4B7F-9781-F1943F34577C}.Release|x64.ActiveCfg = Release|x64
		{1E10B5E9-0260-4B7F-9781-F1943F34577C}.Release|x64.Build.0 = Release|x64
		{1E10B5E9-0260-4B7F-9781-F1943F34577C}.Release|x86.ActiveCfg = Release|Win32
		{1E10B5E9-0260-4B7F-9781-F1943F34577C}.Release|x86.Build.0 = Release|Win32
		{D3CFC734-9178-4959-BD5A-E42EAC942C0D}.Debug|x64.ActiveCfg = Debug|x64
		{D3CFC734-9178-4959-BD5A-E42EAC942C0D}.Debug|x64.Build.0 = Debug|x64
		{D3CFC734-9178-4959-BD5A-E42EAC942C0D}.Debug|x86.ActiveCfg = Debug|Win32
		{D3CFC734-9178-4959-BD5A-E42EAC942C0D}.Debug|x86.Build.0 = Debug|Win32
		{D3CFC734-9178-4959-BD5A-E42EAC942C0D}.Release|x64.ActiveCfg = Release|x64
		{D3CFC734-9178-4959-BD5A-E42EAC942C0D}.Release|x64.Build.0 = Release|x64
		{D3CFC734-9178-4959-BD5A-E42EAC942C0D}.Release|x86.ActiveCfg = Release|Win32
		{D3CFC734-9178-4959-BD5A-E42EAC942C0D}.Release|x86.Build.0 = Release|Win32
		{EAFF3EFE-82AF-4C6C-8588-91328DC1D449}.Debug|x64.ActiveCfg = Debug|x64
		{EAFF3EFE-82AF-4C6C-8588-91328DC1D449}.Debug|x64.Build.0 = Debug|x64
		{EAFF3EFE-82AF-4C6C-8588-91328DC1D449}.Debug|x86.ActiveCfg = Debug|Win32
		{EAFF3EFE-82AF-4C6C-8588-91328DC1D449}.Debug|x86.Build.0 = Debug|Win32
		{EAFF3EFE-82AF-4C6C-8588-91328DC1D449}.Release|x64.ActiveCfg = Release|x64
		{EAFF3EFE-82AF-4C6C-8588-91328DC1D449}.Release|x64.Build.0 = Release|x64
		{EAFF3EFE-82AF-4C6C-8588-91328DC1D449}.Release|x86.ActiveCfg = Release|Win32
		{EAFF3EFE-82AF-4C6C-8588-91328DC1D449}.Release|x86.Build.0 = Release|Win32
		{C0EBEA4B-AC00-4F6E-A4E1-28947122671D}.Debug|x64.ActiveCfg = Debug|x64
		{C0EBEA4B-AC00-4F6E-A4E1-28947122671D}.Debug|x64.Build.0 = Debug|x64
		{C0EBEA4B-AC00-4F6E-A4E1-28947122671D}.Debug|x86.ActiveCfg = Debug|Win32
		{C0EBEA4B-AC00-4F6E-A4E1-28947122671D}.Debug|x86.Build.0 = Debug|Win32
		{C0EBEA4B-AC00-4F6E-A4E1-28947122671D}.Release|x64.ActiveCfg = Release|x64
		{C0EBEA4B-AC00-4F6E-A4E1-28947122671D}.Release|x64.Build.0 = Release|x64
		{C0EBEA4B-AC00-4F6E-A4E1-28947122671D}.Release|x86.ActiveCfg = Release|Win32
		{C0EBEA4B-AC00-4F6E-A4E1-28947122671D}.Release|x86.Build.0 = Release|Win32
		{C05E61B9-CA05-4F6B-911C-BA01F480A552}.Debug|x64.ActiveCfg = Debug|x64
		{C05E61B9-CA05-4F6B-911C-BA01F480A552}.Debug|x64.Build.0 = Debug|x64
		{C05E61B9-CA05-4F6B-911C-BA01F480A552}.Debug|x86.ActiveCfg = Debug|Win32
		{C05E61B9-CA05-4F6B-911C-BA01F480A552}.Debug|x86.Build.0 = Debug|Win32
		{C05E61B9-CA05-4F6B-911C-BA01F480A552}.Release|x64.ActiveCfg = Release|x64
		{C05E61B9-CA05-4F6B-911C-BA01F480A552}.Release|x64.Build.0 = Release|x64
		{C05E61B9-CA05-4F6B-911C-BA01F480A552}.Release|x86.ActiveCfg = Release|Win32
		{C05E61B9-CA05-4F6B-911C-BA01F480A552}.Release|x86.Build.0 = Release|Win32
		{0EA52E27-6F4C-4969-B647-B18C5FDA71A6}.Debug|x64.ActiveCfg = Debug|x64
		{0EA52E27-6F4C-4969-B647-B18C5FDA71A6}.Debug|x64.Build.0 = Debug|x64
		{0EA52E27-6F4C-4969-B647-B18C5FDA71A6}.Debug|x86.ActiveCfg = Debug|Win32
		{0EA52E27-6F4C-4969-B647-B18C5FDA71A6}.Debug|x86.Build.0 = Debug|Win32
		{0EA52E27-6F4C-4969-B647-B18C5FDA71A6}.Release|x64.ActiveCfg = Release|x64
		{0EA52E27-6F4C-4969-B647-B18C5FDA71A6}.Release|x64.Build.0 = Release|x64
		{0EA52E27-6F4C-4969-B647-B18C5FDA71A6}.Release|x86.ActiveCfg = Release|Win32
		{0EA52E27-6F4C-4969-B647-B18C5FDA71A6}.Release|x86.Build.0 = Release|Win32
		{603A3578-0FA2-40AE-8731-EB564FE98285}.Debug|x64.ActiveCfg = Debug|x64
		{603A3578-0FA2-40AE-8731-EB564FE98285}.Debug|x64.Build.0 = Debug|x64
		{603A3578-0FA2-40AE-8731-EB564FE98285}.Debug|x86.ActiveCfg = Debug|Win32
		{603A3578-0FA2-40AE-8731-EB564FE98285}.Debug|x86.Build.0 = Debug|Win32
		{603A3578-0FA2-40AE-8731-EB564FE98285}.Release|x64.ActiveCfg = Release|x64
		{603A3578-0FA2-40AE-8731-EB564FE98285}.Release|x64.Build.0 = Release|x64
		{603A3578-0FA2-40AE-8731-EB564FE98285}.Release|x86.ActiveCfg = Release|Win32
		{603A3578-0FA2-40AE-8731-EB564FE98285}.Release|x86.Build.0 = Release|Win32
		{CB10E95A-8D25-4AC4-8009-AC1A721E556A}.Debug|x64.ActiveCfg = Debug|x64
		{CB10E95A-8D25-4AC4-8009-AC1A721E556A}.Debug|x64.Build.0 = Debug|x64
		{CB10E95A-8D25-4AC4-8009-AC1A721E556A}.Debug|x86.ActiveCfg = Debug|Win32
		{CB10E95A-8D25-4AC4-8009-AC1A721E556A}.Debug|x86.Build.0 = Debug|Win32
		{CB10E95A-8D25-4AC4-8009-AC1A721E556A}.Release|x64.ActiveCfg = Release|x64
		{CB10E95A-8D25-4AC4-8009-AC1A721E556A}.Release|x64.Build.0 = Release|x64
		{CB10E95A-8D25-4AC4-8009-AC1A721E556A}.Release|x86.ActiveCfg = Release|Win32
		{CB10E95A-8D25-4AC4-8009-AC1A721E556A}.Release|x86.Build.0 = Release|Win32
	EndGlobalSection
	GlobalSection(SolutionProperties) = preSolution
		HideSolutionNode = FALSE
	EndGlobalSection
	GlobalSection(ExtensibilityGlobals) = postSolution
		SolutionGuid = {32EC47C0-D563-450D-AEF6-5DE4D2F6D2A3}
	EndGlobalSection
EndGlobal
